
Microsoft Visual Studio Solution File, Format Version 11.00
# Visual Studio 2010
Project("{FAE04EC0-301F-11D3-BF4B-00C04F79EFBC}") = "The force awakens", "Assembly-CSharp.csproj", "{C4E037C3-B5B8-C73D-9EA4-1ACFA96A4574}"
EndProject
Project("{FAE04EC0-301F-11D3-BF4B-00C04F79EFBC}") = "The force awakens", "Assembly-CSharp-firstpass.csproj", "{788126C8-06D3-800D-8265-D94CB86426A4}"
EndProject
Project("{FAE04EC0-301F-11D3-BF4B-00C04F79EFBC}") = "The force awakens", "Assembly-CSharp-Editor-firstpass.csproj", "{3CB49AAD-71B0-0C23-36A5-49EEEFDCD7D4}"
EndProject
Project("{FAE04EC0-301F-11D3-BF4B-00C04F79EFBC}") = "The force awakens", "Assembly-CSharp-Editor.csproj", "{C977BC7B-1BB7-2CD8-8F44-DBDBF2478E2E}"
EndProject
Global
	GlobalSection(SolutionConfigurationPlatforms) = preSolution
		Debug|Any CPU = Debug|Any CPU
		Release|Any CPU = Release|Any CPU
	EndGlobalSection
	GlobalSection(ProjectConfigurationPlatforms) = postSolution
		{C4E037C3-B5B8-C73D-9EA4-1ACFA96A4574}.Debug|Any CPU.ActiveCfg = Debug|Any CPU
		{C4E037C3-B5B8-C73D-9EA4-1ACFA96A4574}.Debug|Any CPU.Build.0 = Debug|Any CPU
		{C4E037C3-B5B8-C73D-9EA4-1ACFA96A4574}.Release|Any CPU.ActiveCfg = Release|Any CPU
		{C4E037C3-B5B8-C73D-9EA4-1ACFA96A4574}.Release|Any CPU.Build.0 = Release|Any CPU
		{788126C8-06D3-800D-8265-D94CB86426A4}.Debug|Any CPU.ActiveCfg = Debug|Any CPU
		{788126C8-06D3-800D-8265-D94CB86426A4}.Debug|Any CPU.Build.0 = Debug|Any CPU
		{788126C8-06D3-800D-8265-D94CB86426A4}.Release|Any CPU.ActiveCfg = Release|Any CPU
		{788126C8-06D3-800D-8265-D94CB86426A4}.Release|Any CPU.Build.0 = Release|Any CPU
		{3CB49AAD-71B0-0C23-36A5-49EEEFDCD7D4}.Debug|Any CPU.ActiveCfg = Debug|Any CPU
		{3CB49AAD-71B0-0C23-36A5-49EEEFDCD7D4}.Debug|Any CPU.Build.0 = Debug|Any CPU
		{3CB49AAD-71B0-0C23-36A5-49EEEFDCD7D4}.Release|Any CPU.ActiveCfg = Release|Any CPU
		{3CB49AAD-71B0-0C23-36A5-49EEEFDCD7D4}.Release|Any CPU.Build.0 = Release|Any CPU
		{C977BC7B-1BB7-2CD8-8F44-DBDBF2478E2E}.Debug|Any CPU.ActiveCfg = Debug|Any CPU
		{C977BC7B-1BB7-2CD8-8F44-DBDBF2478E2E}.Debug|Any CPU.Build.0 = Debug|Any CPU
		{C977BC7B-1BB7-2CD8-8F44-DBDBF2478E2E}.Release|Any CPU.ActiveCfg = Release|Any CPU
		{C977BC7B-1BB7-2CD8-8F44-DBDBF2478E2E}.Release|Any CPU.Build.0 = Release|Any CPU
	EndGlobalSection
	GlobalSection(SolutionProperties) = preSolution
		HideSolutionNode = FALSE
	EndGlobalSection
	GlobalSection(MonoDevelopProperties) = preSolution
		StartupItem = Assembly-CSharp.csproj
	EndGlobalSection
EndGlobal
